
Microsoft Visual Studio Solution File, Format Version 12.00
# Visual Studio Version 16
VisualStudioVersion = 16.0.29806.167
MinimumVisualStudioVersion = 10.0.40219.1
Project("{8BC9CEB8-8B4A-11D0-8D11-00A0C91BC942}") = "Botanic_Garden_Threads", "Botanic_Garden_Threads.vcxproj", "{1DEF9135-580D-4EFF-8DCA-6C9DA8201FA5}"
EndProject
Project("{8BC9CEB8-8B4A-11D0-8D11-00A0C91BC942}") = "Botanic_Garden_openMP", "Botanic_Garden_openMP\Botanic_Garden_openMP.vcxproj", "{BEC5FC83-B5DB-4572-88A9-87493689315C}"
EndProject
Global
	GlobalSection(SolutionConfigurationPlatforms) = preSolution
		Debug|x64 = Debug|x64
		Debug|x86 = Debug|x86
		Release|x64 = Release|x64
		Release|x86 = Release|x86
	EndGlobalSection
	GlobalSection(ProjectConfigurationPlatforms) = postSolution
		{1DEF9135-580D-4EFF-8DCA-6C9DA8201FA5}.Debug|x64.ActiveCfg = Debug|x64
		{1DEF9135-580D-4EFF-8DCA-6C9DA8201FA5}.Debug|x64.Build.0 = Debug|x64
		{1DEF9135-580D-4EFF-8DCA-6C9DA8201FA5}.Debug|x86.ActiveCfg = Debug|Win32
		{1DEF9135-580D-4EFF-8DCA-6C9DA8201FA5}.Debug|x86.Build.0 = Debug|Win32
		{1DEF9135-580D-4EFF-8DCA-6C9DA8201FA5}.Release|x64.ActiveCfg = Release|x64
		{1DEF9135-580D-4EFF-8DCA-6C9DA8201FA5}.Release|x64.Build.0 = Release|x64
		{1DEF9135-580D-4EFF-8DCA-6C9DA8201FA5}.Release|x86.ActiveCfg = Release|Win32
		{1DEF9135-580D-4EFF-8DCA-6C9DA8201FA5}.Release|x86.Build.0 = Release|Win32
		{BEC5FC83-B5DB-4572-88A9-87493689315C}.Debug|x64.ActiveCfg = Debug|x64
		{BEC5FC83-B5DB-4572-88A9-87493689315C}.Debug|x64.Build.0 = Debug|x64
		{BEC5FC83-B5DB-4572-88A9-87493689315C}.Debug|x86.ActiveCfg = Debug|Win32
		{BEC5FC83-B5DB-4572-88A9-87493689315C}.Debug|x86.Build.0 = Debug|Win32
		{BEC5FC83-B5DB-4572-88A9-87493689315C}.Release|x64.ActiveCfg = Release|x64
		{BEC5FC83-B5DB-4572-88A9-87493689315C}.Release|x64.Build.0 = Release|x64
		{BEC5FC83-B5DB-4572-88A9-87493689315C}.Release|x86.ActiveCfg = Release|Win32
		{BEC5FC83-B5DB-4572-88A9-87493689315C}.Release|x86.Build.0 = Release|Win32
	EndGlobalSection
	GlobalSection(SolutionProperties) = preSolution
		HideSolutionNode = FALSE
	EndGlobalSection
	GlobalSection(ExtensibilityGlobals) = postSolution
		SolutionGuid = {D12F6094-9964-43B5-AD4E-4D6AD774F194}
	EndGlobalSection
EndGlobal
